<Solution>
  <Folder Name="/src/">
    <Project Path="src/VNO.Client/VNO.Client.csproj" />
  </Folder>
  <Folder Name="/external/">
    <Project Path="external/VNO.Core/src/VNO.Core/VNO.Core.csproj" />
  </Folder>
  <Folder Name="/tests/">
    <Project Path="tests/VNO.Client.Tests/VNO.Client.Tests.csproj" />
  </Folder>
</Solution>
